
Microsoft Visual Studio Solution File, Format Version 12.00
# Visual Studio Version 17
VisualStudioVersion = 17.1.32210.238
MinimumVisualStudioVersion = 10.0.40219.1
Project("{FAE04EC0-301F-11D3-BF4B-00C04F79EFBC}") = "Abstract-Factory-Design-Pattern-App", "Abstract-Factory-Design-Pattern-App\Abstract-Factory-Design-Pattern-App.csproj", "{9E5CEF6D-7018-48D5-8618-FA3BF105A68B}"
EndProject
Global
	GlobalSection(SolutionConfigurationPlatforms) = preSolution
		Debug|Any CPU = Debug|Any CPU
		Release|Any CPU = Release|Any CPU
	EndGlobalSection
	GlobalSection(ProjectConfigurationPlatforms) = postSolution
		{9E5CEF6D-7018-48D5-8618-FA3BF105A68B}.Debug|Any CPU.ActiveCfg = Debug|Any CPU
		{9E5CEF6D-7018-48D5-8618-FA3BF105A68B}.Debug|Any CPU.Build.0 = Debug|Any CPU
		{9E5CEF6D-7018-48D5-8618-FA3BF105A68B}.Release|Any CPU.ActiveCfg = Release|Any CPU
		{9E5CEF6D-7018-48D5-8618-FA3BF105A68B}.Release|Any CPU.Build.0 = Release|Any CPU
	EndGlobalSection
	GlobalSection(SolutionProperties) = preSolution
		HideSolutionNode = FALSE
	EndGlobalSection
	GlobalSection(ExtensibilityGlobals) = postSolution
		SolutionGuid = {85C6EB36-2E2E-447A-BFDA-5870A234AE9F}
	EndGlobalSection
EndGlobal
